
Microsoft Visual Studio Solution File, Format Version 12.00
# Visual Studio Version 17
VisualStudioVersion = 17.7.34031.279
MinimumVisualStudioVersion = 10.0.40219.1
Project("{FAE04EC0-301F-11D3-BF4B-00C04F79EFBC}") = "PhonebookV3", "PhonebookV3\PhonebookV3.csproj", "{8EAD4DFB-4C9E-48AE-BDE4-695F464DA314}"
EndProject
Global
	GlobalSection(SolutionConfigurationPlatforms) = preSolution
		Debug|Any CPU = Debug|Any CPU
		Release|Any CPU = Release|Any CPU
	EndGlobalSection
	GlobalSection(ProjectConfigurationPlatforms) = postSolution
		{8EAD4DFB-4C9E-48AE-BDE4-695F464DA314}.Debug|Any CPU.ActiveCfg = Debug|Any CPU
		{8EAD4DFB-4C9E-48AE-BDE4-695F464DA314}.Debug|Any CPU.Build.0 = Debug|Any CPU
		{8EAD4DFB-4C9E-48AE-BDE4-695F464DA314}.Release|Any CPU.ActiveCfg = Release|Any CPU
		{8EAD4DFB-4C9E-48AE-BDE4-695F464DA314}.Release|Any CPU.Build.0 = Release|Any CPU
	EndGlobalSection
	GlobalSection(SolutionProperties) = preSolution
		HideSolutionNode = FALSE
	EndGlobalSection
	GlobalSection(ExtensibilityGlobals) = postSolution
		SolutionGuid = {05F45EBD-57F4-4D5D-9459-279AB5ECB2C9}
	EndGlobalSection
EndGlobal
