
Microsoft Visual Studio Solution File, Format Version 12.00
# Visual Studio Version 17
VisualStudioVersion = 17.7.34031.279
MinimumVisualStudioVersion = 10.0.40219.1
Project("{FAE04EC0-301F-11D3-BF4B-00C04F79EFBC}") = "PhoneBookCore", "PhoneBookCore\PhoneBookCore.csproj", "{745C5526-DDC1-492A-AF33-DA2889CF4E91}"
EndProject
Global
	GlobalSection(SolutionConfigurationPlatforms) = preSolution
		Debug|Any CPU = Debug|Any CPU
		Release|Any CPU = Release|Any CPU
	EndGlobalSection
	GlobalSection(ProjectConfigurationPlatforms) = postSolution
		{745C5526-DDC1-492A-AF33-DA2889CF4E91}.Debug|Any CPU.ActiveCfg = Debug|Any CPU
		{745C5526-DDC1-492A-AF33-DA2889CF4E91}.Debug|Any CPU.Build.0 = Debug|Any CPU
		{745C5526-DDC1-492A-AF33-DA2889CF4E91}.Release|Any CPU.ActiveCfg = Release|Any CPU
		{745C5526-DDC1-492A-AF33-DA2889CF4E91}.Release|Any CPU.Build.0 = Release|Any CPU
	EndGlobalSection
	GlobalSection(SolutionProperties) = preSolution
		HideSolutionNode = FALSE
	EndGlobalSection
	GlobalSection(ExtensibilityGlobals) = postSolution
		SolutionGuid = {E96A671E-2C0D-4F62-828C-9574B38A5C96}
	EndGlobalSection
EndGlobal
