
Microsoft Visual Studio Solution File, Format Version 12.00
# Visual Studio Version 17
VisualStudioVersion = 17.7.34031.279
MinimumVisualStudioVersion = 10.0.40219.1
Project("{FAE04EC0-301F-11D3-BF4B-00C04F79EFBC}") = "PhoneBookMVC", "PhoneBookMVC\PhoneBookMVC.csproj", "{6EA5FD3D-A768-4361-919A-467253FF4B55}"
EndProject
Global
	GlobalSection(SolutionConfigurationPlatforms) = preSolution
		Debug|Any CPU = Debug|Any CPU
		Release|Any CPU = Release|Any CPU
	EndGlobalSection
	GlobalSection(ProjectConfigurationPlatforms) = postSolution
		{6EA5FD3D-A768-4361-919A-467253FF4B55}.Debug|Any CPU.ActiveCfg = Debug|Any CPU
		{6EA5FD3D-A768-4361-919A-467253FF4B55}.Debug|Any CPU.Build.0 = Debug|Any CPU
		{6EA5FD3D-A768-4361-919A-467253FF4B55}.Release|Any CPU.ActiveCfg = Release|Any CPU
		{6EA5FD3D-A768-4361-919A-467253FF4B55}.Release|Any CPU.Build.0 = Release|Any CPU
	EndGlobalSection
	GlobalSection(SolutionProperties) = preSolution
		HideSolutionNode = FALSE
	EndGlobalSection
	GlobalSection(ExtensibilityGlobals) = postSolution
		SolutionGuid = {46FAF696-7E7A-49C3-9112-2739F1C72808}
	EndGlobalSection
EndGlobal
